
Microsoft Visual Studio Solution File, Format Version 12.00
# Visual Studio Version 17
VisualStudioVersion = 17.4.33122.133
MinimumVisualStudioVersion = 10.0.40219.1
Project("{FAE04EC0-301F-11D3-BF4B-00C04F79EFBC}") = "incident-response-scanner", "incident-response-scanner\incident-response-scanner.csproj", "{D56F8D7C-A270-41F0-BA98-6CA3F0BF97E4}"
EndProject
Global
	GlobalSection(SolutionConfigurationPlatforms) = preSolution
		Debug|Any CPU = Debug|Any CPU
		Release|Any CPU = Release|Any CPU
	EndGlobalSection
	GlobalSection(ProjectConfigurationPlatforms) = postSolution
		{D56F8D7C-A270-41F0-BA98-6CA3F0BF97E4}.Debug|Any CPU.ActiveCfg = Debug|Any CPU
		{D56F8D7C-A270-41F0-BA98-6CA3F0BF97E4}.Debug|Any CPU.Build.0 = Debug|Any CPU
		{D56F8D7C-A270-41F0-BA98-6CA3F0BF97E4}.Release|Any CPU.ActiveCfg = Release|Any CPU
		{D56F8D7C-A270-41F0-BA98-6CA3F0BF97E4}.Release|Any CPU.Build.0 = Release|Any CPU
	EndGlobalSection
	GlobalSection(SolutionProperties) = preSolution
		HideSolutionNode = FALSE
	EndGlobalSection
	GlobalSection(ExtensibilityGlobals) = postSolution
		SolutionGuid = {1FD487D3-E527-4996-B1E8-8E79437F57DB}
	EndGlobalSection
EndGlobal
